<Solution>
  <Folder Name="/Client/" />
  <Folder Name="/Server/">
    <Project Path="Application/Application.csproj" Id="005ce8bd-701f-449e-bf4c-3f6f95da4427" />
    <Project Path="Domain/Domain.csproj" Id="69971345-310e-4eec-ac71-42921af652a6" />
    <Project Path="Infrastructure/Infrastructure.csproj" Id="eae45df9-4f1a-4148-8268-514e49ff74f9" />
    <Project Path="Web/Web.csproj" Id="c5e13137-f4bb-435a-86a3-2a53e3f97091" />
  </Folder>
  <Folder Name="/Tests/" />
</Solution>
